
Microsoft Visual Studio Solution File, Format Version 12.00
# Visual Studio Version 16
VisualStudioVersion = 16.6.30114.105
MinimumVisualStudioVersion = 10.0.40219.1
Project("{9A19103F-16F7-4668-BE54-9A1E7A4F7556}") = "R5T.D0090", "R5T.D0090\R5T.D0090.csproj", "{0ED9B36D-91EA-4E25-B3CC-BEC89B233545}"
EndProject
Project("{2150E333-8FDC-42A3-9474-1A3956D46DE8}") = "_Dependencies", "_Dependencies", "{7BB15C2A-BC5A-4E1C-847A-69B07B1F063C}"
EndProject
Project("{9A19103F-16F7-4668-BE54-9A1E7A4F7556}") = "R5T.L0013", "..\..\R5T.L0013\source\R5T.L0013\R5T.L0013.csproj", "{E50E732A-62E7-43EC-ABF4-2A6587921190}"
EndProject
Project("{9A19103F-16F7-4668-BE54-9A1E7A4F7556}") = "R5T.L0014", "..\..\R5T.L0014\source\R5T.L0014\R5T.L0014.csproj", "{AB8AE642-66E0-4F57-8893-E12A30C69C57}"
EndProject
Project("{9A19103F-16F7-4668-BE54-9A1E7A4F7556}") = "R5T.T0072", "..\..\R5T.T0072\source\R5T.T0072\R5T.T0072.csproj", "{688F95FF-0929-404B-8D16-5E8F6392E447}"
EndProject
Project("{9A19103F-16F7-4668-BE54-9A1E7A4F7556}") = "R5T.T0064", "..\..\R5T.T0064\source\R5T.T0064\R5T.T0064.csproj", "{AC0441E4-914E-4E43-A41C-802B524750A5}"
EndProject
Project("{FAE04EC0-301F-11D3-BF4B-00C04F79EFBC}") = "R5T.D0090.Base", "R5T.D0090.Base\R5T.D0090.Base.csproj", "{ED5CD36D-633B-4A24-9699-88AA39691A64}"
EndProject
Project("{FAE04EC0-301F-11D3-BF4B-00C04F79EFBC}") = "R5T.D0090.X001", "R5T.D0090.X001\R5T.D0090.X001.csproj", "{3E9FD23E-92EE-4D94-98B0-711F5960CB76}"
EndProject
Global
	GlobalSection(SolutionConfigurationPlatforms) = preSolution
		Debug|Any CPU = Debug|Any CPU
		Debug|x64 = Debug|x64
		Debug|x86 = Debug|x86
		Release|Any CPU = Release|Any CPU
		Release|x64 = Release|x64
		Release|x86 = Release|x86
	EndGlobalSection
	GlobalSection(ProjectConfigurationPlatforms) = postSolution
		{0ED9B36D-91EA-4E25-B3CC-BEC89B233545}.Debug|Any CPU.ActiveCfg = Debug|Any CPU
		{0ED9B36D-91EA-4E25-B3CC-BEC89B233545}.Debug|Any CPU.Build.0 = Debug|Any CPU
		{0ED9B36D-91EA-4E25-B3CC-BEC89B233545}.Debug|x64.ActiveCfg = Debug|Any CPU
		{0ED9B36D-91EA-4E25-B3CC-BEC89B233545}.Debug|x64.Build.0 = Debug|Any CPU
		{0ED9B36D-91EA-4E25-B3CC-BEC89B233545}.Debug|x86.ActiveCfg = Debug|Any CPU
		{0ED9B36D-91EA-4E25-B3CC-BEC89B233545}.Debug|x86.Build.0 = Debug|Any CPU
		{0ED9B36D-91EA-4E25-B3CC-BEC89B233545}.Release|Any CPU.ActiveCfg = Release|Any CPU
		{0ED9B36D-91EA-4E25-B3CC-BEC89B233545}.Release|Any CPU.Build.0 = Release|Any CPU
		{0ED9B36D-91EA-4E25-B3CC-BEC89B233545}.Release|x64.ActiveCfg = Release|Any CPU
		{0ED9B36D-91EA-4E25-B3CC-BEC89B233545}.Release|x64.Build.0 = Release|Any CPU
		{0ED9B36D-91EA-4E25-B3CC-BEC89B233545}.Release|x86.ActiveCfg = Release|Any CPU
		{0ED9B36D-91EA-4E25-B3CC-BEC89B233545}.Release|x86.Build.0 = Release|Any CPU
		{E50E732A-62E7-43EC-ABF4-2A6587921190}.Debug|Any CPU.ActiveCfg = Debug|Any CPU
		{E50E732A-62E7-43EC-ABF4-2A6587921190}.Debug|Any CPU.Build.0 = Debug|Any CPU
		{E50E732A-62E7-43EC-ABF4-2A6587921190}.Debug|x64.ActiveCfg = Debug|Any CPU
		{E50E732A-62E7-43EC-ABF4-2A6587921190}.Debug|x64.Build.0 = Debug|Any CPU
		{E50E732A-62E7-43EC-ABF4-2A6587921190}.Debug|x86.ActiveCfg = Debug|Any CPU
		{E50E732A-62E7-43EC-ABF4-2A6587921190}.Debug|x86.Build.0 = Debug|Any CPU
		{E50E732A-62E7-43EC-ABF4-2A6587921190}.Release|Any CPU.ActiveCfg = Release|Any CPU
		{E50E732A-62E7-43EC-ABF4-2A6587921190}.Release|Any CPU.Build.0 = Release|Any CPU
		{E50E732A-62E7-43EC-ABF4-2A6587921190}.Release|x64.ActiveCfg = Release|Any CPU
		{E50E732A-62E7-43EC-ABF4-2A6587921190}.Release|x64.Build.0 = Release|Any CPU
		{E50E732A-62E7-43EC-ABF4-2A6587921190}.Release|x86.ActiveCfg = Release|Any CPU
		{E50E732A-62E7-43EC-ABF4-2A6587921190}.Release|x86.Build.0 = Release|Any CPU
		{AB8AE642-66E0-4F57-8893-E12A30C69C57}.Debug|Any CPU.ActiveCfg = Debug|Any CPU
		{AB8AE642-66E0-4F57-8893-E12A30C69C57}.Debug|Any CPU.Build.0 = Debug|Any CPU
		{AB8AE642-66E0-4F57-8893-E12A30C69C57}.Debug|x64.ActiveCfg = Debug|Any CPU
		{AB8AE642-66E0-4F57-8893-E12A30C69C57}.Debug|x64.Build.0 = Debug|Any CPU
		{AB8AE642-66E0-4F57-8893-E12A30C69C57}.Debug|x86.ActiveCfg = Debug|Any CPU
		{AB8AE642-66E0-4F57-8893-E12A30C69C57}.Debug|x86.Build.0 = Debug|Any CPU
		{AB8AE642-66E0-4F57-8893-E12A30C69C57}.Release|Any CPU.ActiveCfg = Release|Any CPU
		{AB8AE642-66E0-4F57-8893-E12A30C69C57}.Release|Any CPU.Build.0 = Release|Any CPU
		{AB8AE642-66E0-4F57-8893-E12A30C69C57}.Release|x64.ActiveCfg = Release|Any CPU
		{AB8AE642-66E0-4F57-8893-E12A30C69C57}.Release|x64.Build.0 = Release|Any CPU
		{AB8AE642-66E0-4F57-8893-E12A30C69C57}.Release|x86.ActiveCfg = Release|Any CPU
		{AB8AE642-66E0-4F57-8893-E12A30C69C57}.Release|x86.Build.0 = Release|Any CPU
		{688F95FF-0929-404B-8D16-5E8F6392E447}.Debug|Any CPU.ActiveCfg = Debug|Any CPU
		{688F95FF-0929-404B-8D16-5E8F6392E447}.Debug|Any CPU.Build.0 = Debug|Any CPU
		{688F95FF-0929-404B-8D16-5E8F6392E447}.Debug|x64.ActiveCfg = Debug|Any CPU
		{688F95FF-0929-404B-8D16-5E8F6392E447}.Debug|x64.Build.0 = Debug|Any CPU
		{688F95FF-0929-404B-8D16-5E8F6392E447}.Debug|x86.ActiveCfg = Debug|Any CPU
		{688F95FF-0929-404B-8D16-5E8F6392E447}.Debug|x86.Build.0 = Debug|Any CPU
		{688F95FF-0929-404B-8D16-5E8F6392E447}.Release|Any CPU.ActiveCfg = Release|Any CPU
		{688F95FF-0929-404B-8D16-5E8F6392E447}.Release|Any CPU.Build.0 = Release|Any CPU
		{688F95FF-0929-404B-8D16-5E8F6392E447}.Release|x64.ActiveCfg = Release|Any CPU
		{688F95FF-0929-404B-8D16-5E8F6392E447}.Release|x64.Build.0 = Release|Any CPU
		{688F95FF-0929-404B-8D16-5E8F6392E447}.Release|x86.ActiveCfg = Release|Any CPU
		{688F95FF-0929-404B-8D16-5E8F6392E447}.Release|x86.Build.0 = Release|Any CPU
		{AC0441E4-914E-4E43-A41C-802B524750A5}.Debug|Any CPU.ActiveCfg = Debug|Any CPU
		{AC0441E4-914E-4E43-A41C-802B524750A5}.Debug|Any CPU.Build.0 = Debug|Any CPU
		{AC0441E4-914E-4E43-A41C-802B524750A5}.Debug|x64.ActiveCfg = Debug|Any CPU
		{AC0441E4-914E-4E43-A41C-802B524750A5}.Debug|x64.Build.0 = Debug|Any CPU
		{AC0441E4-914E-4E43-A41C-802B524750A5}.Debug|x86.ActiveCfg = Debug|Any CPU
		{AC0441E4-914E-4E43-A41C-802B524750A5}.Debug|x86.Build.0 = Debug|Any CPU
		{AC0441E4-914E-4E43-A41C-802B524750A5}.Release|Any CPU.ActiveCfg = Release|Any CPU
		{AC0441E4-914E-4E43-A41C-802B524750A5}.Release|Any CPU.Build.0 = Release|Any CPU
		{AC0441E4-914E-4E43-A41C-802B524750A5}.Release|x64.ActiveCfg = Release|Any CPU
		{AC0441E4-914E-4E43-A41C-802B524750A5}.Release|x64.Build.0 = Release|Any CPU
		{AC0441E4-914E-4E43-A41C-802B524750A5}.Release|x86.ActiveCfg = Release|Any CPU
		{AC0441E4-914E-4E43-A41C-802B524750A5}.Release|x86.Build.0 = Release|Any CPU
		{ED5CD36D-633B-4A24-9699-88AA39691A64}.Debug|Any CPU.ActiveCfg = Debug|Any CPU
		{ED5CD36D-633B-4A24-9699-88AA39691A64}.Debug|Any CPU.Build.0 = Debug|Any CPU
		{ED5CD36D-633B-4A24-9699-88AA39691A64}.Debug|x64.ActiveCfg = Debug|Any CPU
		{ED5CD36D-633B-4A24-9699-88AA39691A64}.Debug|x64.Build.0 = Debug|Any CPU
		{ED5CD36D-633B-4A24-9699-88AA39691A64}.Debug|x86.ActiveCfg = Debug|Any CPU
		{ED5CD36D-633B-4A24-9699-88AA39691A64}.Debug|x86.Build.0 = Debug|Any CPU
		{ED5CD36D-633B-4A24-9699-88AA39691A64}.Release|Any CPU.ActiveCfg = Release|Any CPU
		{ED5CD36D-633B-4A24-9699-88AA39691A64}.Release|Any CPU.Build.0 = Release|Any CPU
		{ED5CD36D-633B-4A24-9699-88AA39691A64}.Release|x64.ActiveCfg = Release|Any CPU
		{ED5CD36D-633B-4A24-9699-88AA39691A64}.Release|x64.Build.0 = Release|Any CPU
		{ED5CD36D-633B-4A24-9699-88AA39691A64}.Release|x86.ActiveCfg = Release|Any CPU
		{ED5CD36D-633B-4A24-9699-88AA39691A64}.Release|x86.Build.0 = Release|Any CPU
		{3E9FD23E-92EE-4D94-98B0-711F5960CB76}.Debug|Any CPU.ActiveCfg = Debug|Any CPU
		{3E9FD23E-92EE-4D94-98B0-711F5960CB76}.Debug|Any CPU.Build.0 = Debug|Any CPU
		{3E9FD23E-92EE-4D94-98B0-711F5960CB76}.Debug|x64.ActiveCfg = Debug|Any CPU
		{3E9FD23E-92EE-4D94-98B0-711F5960CB76}.Debug|x64.Build.0 = Debug|Any CPU
		{3E9FD23E-92EE-4D94-98B0-711F5960CB76}.Debug|x86.ActiveCfg = Debug|Any CPU
		{3E9FD23E-92EE-4D94-98B0-711F5960CB76}.Debug|x86.Build.0 = Debug|Any CPU
		{3E9FD23E-92EE-4D94-98B0-711F5960CB76}.Release|Any CPU.ActiveCfg = Release|Any CPU
		{3E9FD23E-92EE-4D94-98B0-711F5960CB76}.Release|Any CPU.Build.0 = Release|Any CPU
		{3E9FD23E-92EE-4D94-98B0-711F5960CB76}.Release|x64.ActiveCfg = Release|Any CPU
		{3E9FD23E-92EE-4D94-98B0-711F5960CB76}.Release|x64.Build.0 = Release|Any CPU
		{3E9FD23E-92EE-4D94-98B0-711F5960CB76}.Release|x86.ActiveCfg = Release|Any CPU
		{3E9FD23E-92EE-4D94-98B0-711F5960CB76}.Release|x86.Build.0 = Release|Any CPU
	EndGlobalSection
	GlobalSection(SolutionProperties) = preSolution
		HideSolutionNode = FALSE
	EndGlobalSection
	GlobalSection(NestedProjects) = preSolution
		{E50E732A-62E7-43EC-ABF4-2A6587921190} = {7BB15C2A-BC5A-4E1C-847A-69B07B1F063C}
		{AB8AE642-66E0-4F57-8893-E12A30C69C57} = {7BB15C2A-BC5A-4E1C-847A-69B07B1F063C}
		{688F95FF-0929-404B-8D16-5E8F6392E447} = {7BB15C2A-BC5A-4E1C-847A-69B07B1F063C}
		{AC0441E4-914E-4E43-A41C-802B524750A5} = {7BB15C2A-BC5A-4E1C-847A-69B07B1F063C}
	EndGlobalSection
	GlobalSection(ExtensibilityGlobals) = postSolution
		SolutionGuid = {B100E97F-3AF7-478E-96A3-7576AB32106C}
	EndGlobalSection
EndGlobal
